name: Update top-level flake.lock

on:
  push:
    branches: [main]
    paths:
      - "flake.nix"
      - "nixos/**"
  workflow_dispatch:

permissions:
  contents: write

jobs:
  update-flake-lock:
    runs-on: ubuntu-latest

    steps:
      - uses: actions/checkout@9f698171ed81b15d1823a05fc7211befd50c8ae0 # v6.0.3
        with:
          persist-credentials: true

      - uses: cachix/install-nix-action@8aa03977d8d733052d78f4e008a241fd1dbf36b3 # v31.10.6
        with:
          github_access_token: ${{ secrets.GITHUB_TOKEN }}

      - name: Update only top-level flake.lock
        run: nix flake lock --update-input nixos

      - name: Commit only top-level flake.lock
        uses: stefanzweifel/git-auto-commit-action@04702edda442b2e678b25b537cec683a1493fcb9 # v7.1.0
        with:
          commit_message: "chore: update top-level flake.lock"
          file_pattern: "flake.lock"