name: Update top-level flake.lock

on:
  push:
    branches: [main]
    paths:
      - "flake.nix"
      - "nixos/**"
  workflow_dispatch:

permissions:
  contents: write

jobs:
  update-flake-lock:
    runs-on: ubuntu-latest

    steps:
      - uses: actions/checkout@3d3c42e5aac5ba805825da76410c181273ba90b1 # v7.0.1
        with:
          persist-credentials: true

      - uses: cachix/install-nix-action@630ae543ea3a38a9a4166f03376c02c50f408342 # v31.11.0
        with:
          github_access_token: ${{ secrets.GITHUB_TOKEN }}

      - name: Update only top-level flake.lock
        run: rm -f flake.lock; nix flake lock

      - name: Commit only top-level flake.lock
        uses: stefanzweifel/git-auto-commit-action@4a55954c782fc1ea30b9056cd3e7a2b40ca8887d # v7.2.0
        with:
          commit_message: "chore: update top-level flake.lock"
          file_pattern: "flake.lock"